
Microsoft Visual Studio Solution File, Format Version 12.00
# Visual Studio Version 17
VisualStudioVersion = 17.5.002.0
MinimumVisualStudioVersion = 10.0.40219.1
Project("{9A19103F-16F7-4668-BE54-9A1E7A4F7556}") = "fourInRow", "fourInRow.csproj", "{FFB2E843-CFEE-40BC-986B-3607BC0449C9}"
EndProject
Global
	GlobalSection(SolutionConfigurationPlatforms) = preSolution
		Debug|Any CPU = Debug|Any CPU
		Release|Any CPU = Release|Any CPU
	EndGlobalSection
	GlobalSection(ProjectConfigurationPlatforms) = postSolution
		{FFB2E843-CFEE-40BC-986B-3607BC0449C9}.Debug|Any CPU.ActiveCfg = Debug|Any CPU
		{FFB2E843-CFEE-40BC-986B-3607BC0449C9}.Debug|Any CPU.Build.0 = Debug|Any CPU
		{FFB2E843-CFEE-40BC-986B-3607BC0449C9}.Release|Any CPU.ActiveCfg = Release|Any CPU
		{FFB2E843-CFEE-40BC-986B-3607BC0449C9}.Release|Any CPU.Build.0 = Release|Any CPU
	EndGlobalSection
	GlobalSection(SolutionProperties) = preSolution
		HideSolutionNode = FALSE
	EndGlobalSection
	GlobalSection(ExtensibilityGlobals) = postSolution
		SolutionGuid = {B5C10905-1192-40DF-9BF5-A1BB01816E07}
	EndGlobalSection
EndGlobal
